# Code generated by scarb DO NOT EDIT.
version = 1

[[package]]
name = "alexandria_math"
version = "0.2.1"
source = "git+https://github.com/keep-starknet-strange/alexandria.git#7c19379ab6cf0f8b48be3c5b118ffddd7e26a4d2"

[[package]]
name = "dojo"
version = "1.0.0-alpha.4"
source = "git+https://github.com/dojoengine/dojo?tag=v1.0.0-alpha.8#d31f81e6aeae01c6bbe7bd5879a5d33551082bcb"
dependencies = [
 "dojo_plugin",
]

[[package]]
name = "dojo_plugin"
version = "1.0.0-alpha.4"
source = "git+https://github.com/dojoengine/dojo?rev=f15def33#f15def330c0d099e79351d11c197f63e8cc1ff36"

[[package]]
name = "dugdug"
version = "0.1.0"
dependencies = [
 "alexandria_math",
 "dojo",
 "haiku_event",
 "origami_token",
]

[[package]]
name = "haiku_event"
version = "0.1.0"
source = "git+https://github.com/edisontim/haiku#803682a11de7fef65cb55d9e378115bbe0f61a29"
dependencies = [
 "dojo",
]

[[package]]
name = "origami_token"
version = "1.0.0-alpha.8"
source = "git+https://github.com/dojoengine/origami?tag=v1.0.0-alpha.8#e0245ed621cdea70aa494bcd66cee290f1a54a5e"
dependencies = [
 "dojo",
]
